
Microsoft Visual Studio Solution File, Format Version 12.00
# Visual Studio Version 17
VisualStudioVersion = 17.14.36015.10
MinimumVisualStudioVersion = 10.0.40219.1
Project("{FAE04EC0-301F-11D3-BF4B-00C04F79EFBC}") = "dztmDesktop", "src\ProjectDesktop\dztmDesktop.csproj", "{94E8D1F8-2F65-4023-98F6-7F785DC22D81}"
EndProject
Project("{FAE04EC0-301F-11D3-BF4B-00C04F79EFBC}") = "dztmGLPI", "src\dztmGLPI\dztmGLPI.csproj", "{304E4E31-64BA-3A1D-54C0-201E4772FA61}"
EndProject
Project("{FAE04EC0-301F-11D3-BF4B-00C04F79EFBC}") = "dztmAPI", "src\dztmAPI\dztmAPI.csproj", "{2BDC6DCC-7CAB-4AA9-AE97-AB8739DF07F0}"
EndProject
Global
	GlobalSection(SolutionConfigurationPlatforms) = preSolution
		Debug|Any CPU = Debug|Any CPU
		Release|Any CPU = Release|Any CPU
	EndGlobalSection
	GlobalSection(ProjectConfigurationPlatforms) = postSolution
		{94E8D1F8-2F65-4023-98F6-7F785DC22D81}.Debug|Any CPU.ActiveCfg = Debug|Any CPU
		{94E8D1F8-2F65-4023-98F6-7F785DC22D81}.Debug|Any CPU.Build.0 = Debug|Any CPU
		{94E8D1F8-2F65-4023-98F6-7F785DC22D81}.Release|Any CPU.ActiveCfg = Release|Any CPU
		{94E8D1F8-2F65-4023-98F6-7F785DC22D81}.Release|Any CPU.Build.0 = Release|Any CPU
		{304E4E31-64BA-3A1D-54C0-201E4772FA61}.Debug|Any CPU.ActiveCfg = Debug|Any CPU
		{304E4E31-64BA-3A1D-54C0-201E4772FA61}.Debug|Any CPU.Build.0 = Debug|Any CPU
		{304E4E31-64BA-3A1D-54C0-201E4772FA61}.Release|Any CPU.ActiveCfg = Release|Any CPU
		{304E4E31-64BA-3A1D-54C0-201E4772FA61}.Release|Any CPU.Build.0 = Release|Any CPU
		{2BDC6DCC-7CAB-4AA9-AE97-AB8739DF07F0}.Debug|Any CPU.ActiveCfg = Debug|Any CPU
		{2BDC6DCC-7CAB-4AA9-AE97-AB8739DF07F0}.Debug|Any CPU.Build.0 = Debug|Any CPU
		{2BDC6DCC-7CAB-4AA9-AE97-AB8739DF07F0}.Release|Any CPU.ActiveCfg = Release|Any CPU
		{2BDC6DCC-7CAB-4AA9-AE97-AB8739DF07F0}.Release|Any CPU.Build.0 = Release|Any CPU
	EndGlobalSection
	GlobalSection(SolutionProperties) = preSolution
		HideSolutionNode = FALSE
	EndGlobalSection
	GlobalSection(ExtensibilityGlobals) = postSolution
		SolutionGuid = {310CD5C3-9411-4DF8-9E78-8F0B4256E4F4}
	EndGlobalSection
EndGlobal
